// !$*UTF8*$!
{
	archiveVersion = 1;
	classes = {
	};
	objectVersion = 77;
	objects = {

/* Begin PBXBuildFile section */
		5C25EFD02CB826F900A99D32 /* Stripe in Frameworks */ = {isa = PBXBuildFile; productRef = 5C25EFCF2CB826F900A99D32 /* Stripe */; };
		5C25EFD22CB826F900A99D32 /* StripeApplePay in Frameworks */ = {isa = PBXBuildFile; productRef = 5C25EFD12CB826F900A99D32 /* StripeApplePay */; };
		5C25EFD42CB826F900A99D32 /* StripeCardScan in Frameworks */ = {isa = PBXBuildFile; productRef = 5C25EFD32CB826F900A99D32 /* StripeCardScan */; };
		5C25EFD62CB826F900A99D32 /* StripeFinancialConnections in Frameworks */ = {isa = PBXBuildFile; productRef = 5C25EFD52CB826F900A99D32 /* StripeFinancialConnections */; };
		5C25EFD82CB826F900A99D32 /* StripeIdentity in Frameworks */ = {isa = PBXBuildFile; productRef = 5C25EFD72CB826F900A99D32 /* StripeIdentity */; };
		5C25EFDA2CB826F900A99D32 /* StripePaymentSheet in Frameworks */ = {isa = PBXBuildFile; productRef = 5C25EFD92CB826F900A99D32 /* StripePaymentSheet */; };
		5C25EFDC2CB826F900A99D32 /* StripePayments in Frameworks */ = {isa = PBXBuildFile; productRef = 5C25EFDB2CB826F900A99D32 /* StripePayments */; };
		5C25EFDE2CB826F900A99D32 /* StripePaymentsUI in Frameworks */ = {isa = PBXBuildFile; productRef = 5C25EFDD2CB826F900A99D32 /* StripePaymentsUI */; };
		5CBE75432CB5716800516616 /* ClerkSDK in Frameworks */ = {isa = PBXBuildFile; productRef = 5CBE75422CB5716800516616 /* ClerkSDK */; };
/* End PBXBuildFile section */

/* Begin PBXContainerItemProxy section */
		5C2A53472CAFE4A900AA62BA /* PBXContainerItemProxy */ = {
			isa = PBXContainerItemProxy;
			containerPortal = 5C2A532E2CAFE4A700AA62BA /* Project object */;
			proxyType = 1;
			remoteGlobalIDString = 5C2A53352CAFE4A700AA62BA;
			remoteInfo = app;
		};
		5C2A53512CAFE4A900AA62BA /* PBXContainerItemProxy */ = {
			isa = PBXContainerItemProxy;
			containerPortal = 5C2A532E2CAFE4A700AA62BA /* Project object */;
			proxyType = 1;
			remoteGlobalIDString = 5C2A53352CAFE4A700AA62BA;
			remoteInfo = app;
		};
/* End PBXContainerItemProxy section */

/* Begin PBXFileReference section */
		5C2A53362CAFE4A700AA62BA /* app.app */ = {isa = PBXFileReference; explicitFileType = wrapper.application; includeInIndex = 0; path = app.app; sourceTree = BUILT_PRODUCTS_DIR; };
		5C2A53462CAFE4A900AA62BA /* appTests.xctest */ = {isa = PBXFileReference; explicitFileType = wrapper.cfbundle; includeInIndex = 0; path = appTests.xctest; sourceTree = BUILT_PRODUCTS_DIR; };
		5C2A53502CAFE4A900AA62BA /* appUITests.xctest */ = {isa = PBXFileReference; explicitFileType = wrapper.cfbundle; includeInIndex = 0; path = appUITests.xctest; sourceTree = BUILT_PRODUCTS_DIR; };
/* End PBXFileReference section */

/* Begin PBXFileSystemSynchronizedRootGroup section */
		5C2A53382CAFE4A700AA62BA /* app */ = {
			isa = PBXFileSystemSynchronizedRootGroup;
			path = app;
			sourceTree = "<group>";
		};
		5C2A53492CAFE4A900AA62BA /* appTests */ = {
			isa = PBXFileSystemSynchronizedRootGroup;
			path = appTests;
			sourceTree = "<group>";
		};
		5C2A53532CAFE4A900AA62BA /* appUITests */ = {
			isa = PBXFileSystemSynchronizedRootGroup;
			path = appUITests;
			sourceTree = "<group>";
		};
/* End PBXFileSystemSynchronizedRootGroup section */

/* Begin PBXFrameworksBuildPhase section */
		5C2A53332CAFE4A700AA62BA /* Frameworks */ = {
			isa = PBXFrameworksBuildPhase;
			buildActionMask = 2147483647;
			files = (
				5C25EFD62CB826F900A99D32 /* StripeFinancialConnections in Frameworks */,
				5C25EFD42CB826F900A99D32 /* StripeCardScan in Frameworks */,
				5C25EFD22CB826F900A99D32 /* StripeApplePay in Frameworks */,
				5C25EFD82CB826F900A99D32 /* StripeIdentity in Frameworks */,
				5C25EFDA2CB826F900A99D32 /* StripePaymentSheet in Frameworks */,
				5CBE75432CB5716800516616 /* ClerkSDK in Frameworks */,
				5C25EFDE2CB826F900A99D32 /* StripePaymentsUI in Frameworks */,
				5C25EFDC2CB826F900A99D32 /* StripePayments in Frameworks */,
				5C25EFD02CB826F900A99D32 /* Stripe in Frameworks */,
			);
			runOnlyForDeploymentPostprocessing = 0;
		};
		5C2A53432CAFE4A900AA62BA /* Frameworks */ = {
			isa = PBXFrameworksBuildPhase;
			buildActionMask = 2147483647;
			files = (
			);
			runOnlyForDeploymentPostprocessing = 0;
		};
		5C2A534D2CAFE4A900AA62BA /* Frameworks */ = {
			isa = PBXFrameworksBuildPhase;
			buildActionMask = 2147483647;
			files = (
			);
			runOnlyForDeploymentPostprocessing = 0;
		};
/* End PBXFrameworksBuildPhase section */

/* Begin PBXGroup section */
		5C2A532D2CAFE4A700AA62BA = {
			isa = PBXGroup;
			children = (
				5C2A53382CAFE4A700AA62BA /* app */,
				5C2A53492CAFE4A900AA62BA /* appTests */,
				5C2A53532CAFE4A900AA62BA /* appUITests */,
				5C2A53372CAFE4A700AA62BA /* Products */,
			);
			sourceTree = "<group>";
		};
		5C2A53372CAFE4A700AA62BA /* Products */ = {
			isa = PBXGroup;
			children = (
				5C2A53362CAFE4A700AA62BA /* app.app */,
				5C2A53462CAFE4A900AA62BA /* appTests.xctest */,
				5C2A53502CAFE4A900AA62BA /* appUITests.xctest */,
			);
			name = Products;
			sourceTree = "<group>";
		};
/* End PBXGroup section */

/* Begin PBXNativeTarget section */
		5C2A53352CAFE4A700AA62BA /* app */ = {
			isa = PBXNativeTarget;
			buildConfigurationList = 5C2A535A2CAFE4A900AA62BA /* Build configuration list for PBXNativeTarget "app" */;
			buildPhases = (
				5C2A53322CAFE4A700AA62BA /* Sources */,
				5C2A53332CAFE4A700AA62BA /* Frameworks */,
				5C2A53342CAFE4A700AA62BA /* Resources */,
			);
			buildRules = (
			);
			dependencies = (
			);
			fileSystemSynchronizedGroups = (
				5C2A53382CAFE4A700AA62BA /* app */,
			);
			name = app;
			packageProductDependencies = (
				5CBE75422CB5716800516616 /* ClerkSDK */,
				5C25EFCF2CB826F900A99D32 /* Stripe */,
				5C25EFD12CB826F900A99D32 /* StripeApplePay */,
				5C25EFD32CB826F900A99D32 /* StripeCardScan */,
				5C25EFD52CB826F900A99D32 /* StripeFinancialConnections */,
				5C25EFD72CB826F900A99D32 /* StripeIdentity */,
				5C25EFD92CB826F900A99D32 /* StripePaymentSheet */,
				5C25EFDB2CB826F900A99D32 /* StripePayments */,
				5C25EFDD2CB826F900A99D32 /* StripePaymentsUI */,
			);
			productName = app;
			productReference = 5C2A53362CAFE4A700AA62BA /* app.app */;
			productType = "com.apple.product-type.application";
		};
		5C2A53452CAFE4A900AA62BA /* appTests */ = {
			isa = PBXNativeTarget;
			buildConfigurationList = 5C2A535D2CAFE4A900AA62BA /* Build configuration list for PBXNativeTarget "appTests" */;
			buildPhases = (
				5C2A53422CAFE4A900AA62BA /* Sources */,
				5C2A53432CAFE4A900AA62BA /* Frameworks */,
				5C2A53442CAFE4A900AA62BA /* Resources */,
			);
			buildRules = (
			);
			dependencies = (
				5C2A53482CAFE4A900AA62BA /* PBXTargetDependency */,
			);
			fileSystemSynchronizedGroups = (
				5C2A53492CAFE4A900AA62BA /* appTests */,
			);
			name = appTests;
			packageProductDependencies = (
			);
			productName = appTests;
			productReference = 5C2A53462CAFE4A900AA62BA /* appTests.xctest */;
			productType = "com.apple.product-type.bundle.unit-test";
		};
		5C2A534F2CAFE4A900AA62BA /* appUITests */ = {
			isa = PBXNativeTarget;
			buildConfigurationList = 5C2A53602CAFE4A900AA62BA /* Build configuration list for PBXNativeTarget "appUITests" */;
			buildPhases = (
				5C2A534C2CAFE4A900AA62BA /* Sources */,
				5C2A534D2CAFE4A900AA62BA /* Frameworks */,
				5C2A534E2CAFE4A900AA62BA /* Resources */,
			);
			buildRules = (
			);
			dependencies = (
				5C2A53522CAFE4A900AA62BA /* PBXTargetDependency */,
			);
			fileSystemSynchronizedGroups = (
				5C2A53532CAFE4A900AA62BA /* appUITests */,
			);
			name = appUITests;
			packageProductDependencies = (
			);
			productName = appUITests;
			productReference = 5C2A53502CAFE4A900AA62BA /* appUITests.xctest */;
			productType = "com.apple.product-type.bundle.ui-testing";
		};
/* End PBXNativeTarget section */

/* Begin PBXProject section */
		5C2A532E2CAFE4A700AA62BA /* Project object */ = {
			isa = PBXProject;
			attributes = {
				BuildIndependentTargetsInParallel = 1;
				LastSwiftUpdateCheck = 1600;
				LastUpgradeCheck = 1600;
				TargetAttributes = {
					5C2A53352CAFE4A700AA62BA = {
						CreatedOnToolsVersion = 16.0;
					};
					5C2A53452CAFE4A900AA62BA = {
						CreatedOnToolsVersion = 16.0;
						TestTargetID = 5C2A53352CAFE4A700AA62BA;
					};
					5C2A534F2CAFE4A900AA62BA = {
						CreatedOnToolsVersion = 16.0;
						TestTargetID = 5C2A53352CAFE4A700AA62BA;
					};
				};
			};
			buildConfigurationList = 5C2A53312CAFE4A700AA62BA /* Build configuration list for PBXProject "app" */;
			developmentRegion = en;
			hasScannedForEncodings = 0;
			knownRegions = (
				en,
				Base,
			);
			mainGroup = 5C2A532D2CAFE4A700AA62BA;
			minimizedProjectReferenceProxies = 1;
			packageReferences = (
				5CBE75412CB5716800516616 /* XCRemoteSwiftPackageReference "clerk-ios" */,
				5C25EFCE2CB826F900A99D32 /* XCRemoteSwiftPackageReference "stripe-ios" */,
			);
			preferredProjectObjectVersion = 77;
			productRefGroup = 5C2A53372CAFE4A700AA62BA /* Products */;
			projectDirPath = "";
			projectRoot = "";
			targets = (
				5C2A53352CAFE4A700AA62BA /* app */,
				5C2A53452CAFE4A900AA62BA /* appTests */,
				5C2A534F2CAFE4A900AA62BA /* appUITests */,
			);
		};
/* End PBXProject section */

/* Begin PBXResourcesBuildPhase section */
		5C2A53342CAFE4A700AA62BA /* Resources */ = {
			isa = PBXResourcesBuildPhase;
			buildActionMask = 2147483647;
			files = (
			);
			runOnlyForDeploymentPostprocessing = 0;
		};
		5C2A53442CAFE4A900AA62BA /* Resources */ = {
			isa = PBXResourcesBuildPhase;
			buildActionMask = 2147483647;
			files = (
			);
			runOnlyForDeploymentPostprocessing = 0;
		};
		5C2A534E2CAFE4A900AA62BA /* Resources */ = {
			isa = PBXResourcesBuildPhase;
			buildActionMask = 2147483647;
			files = (
			);
			runOnlyForDeploymentPostprocessing = 0;
		};
/* End PBXResourcesBuildPhase section */

/* Begin PBXSourcesBuildPhase section */
		5C2A53322CAFE4A700AA62BA /* Sources */ = {
			isa = PBXSourcesBuildPhase;
			buildActionMask = 2147483647;
			files = (
			);
			runOnlyForDeploymentPostprocessing = 0;
		};
		5C2A53422CAFE4A900AA62BA /* Sources */ = {
			isa = PBXSourcesBuildPhase;
			buildActionMask = 2147483647;
			files = (
			);
			runOnlyForDeploymentPostprocessing = 0;
		};
		5C2A534C2CAFE4A900AA62BA /* Sources */ = {
			isa = PBXSourcesBuildPhase;
			buildActionMask = 2147483647;
			files = (
			);
			runOnlyForDeploymentPostprocessing = 0;
		};
/* End PBXSourcesBuildPhase section */

/* Begin PBXTargetDependency section */
		5C2A53482CAFE4A900AA62BA /* PBXTargetDependency */ = {
			isa = PBXTargetDependency;
			target = 5C2A53352CAFE4A700AA62BA /* app */;
			targetProxy = 5C2A53472CAFE4A900AA62BA /* PBXContainerItemProxy */;
		};
		5C2A53522CAFE4A900AA62BA /* PBXTargetDependency */ = {
			isa = PBXTargetDependency;
			target = 5C2A53352CAFE4A700AA62BA /* app */;
			targetProxy = 5C2A53512CAFE4A900AA62BA /* PBXContainerItemProxy */;
		};
/* End PBXTargetDependency section */

/* Begin XCBuildConfiguration section */
		5C2A53582CAFE4A900AA62BA /* Debug */ = {
			isa = XCBuildConfiguration;
			buildSettings = {
				ALWAYS_SEARCH_USER_PATHS = NO;
				ASSETCATALOG_COMPILER_GENERATE_SWIFT_ASSET_SYMBOL_EXTENSIONS = YES;
				CLANG_ANALYZER_NONNULL = YES;
				CLANG_ANALYZER_NUMBER_OBJECT_CONVERSION = YES_AGGRESSIVE;
				CLANG_CXX_LANGUAGE_STANDARD = "gnu++20";
				CLANG_ENABLE_MODULES = YES;
				CLANG_ENABLE_OBJC_ARC = YES;
				CLANG_ENABLE_OBJC_WEAK = YES;
				CLANG_WARN_BLOCK_CAPTURE_AUTORELEASING = YES;
				CLANG_WARN_BOOL_CONVERSION = YES;
				CLANG_WARN_COMMA = YES;
				CLANG_WARN_CONSTANT_CONVERSION = YES;
				CLANG_WARN_DEPRECATED_OBJC_IMPLEMENTATIONS = YES;
				CLANG_WARN_DIRECT_OBJC_ISA_USAGE = YES_ERROR;
				CLANG_WARN_DOCUMENTATION_COMMENTS = YES;
				CLANG_WARN_EMPTY_BODY = YES;
				CLANG_WARN_ENUM_CONVERSION = YES;
				CLANG_WARN_INFINITE_RECURSION = YES;
				CLANG_WARN_INT_CONVERSION = YES;
				CLANG_WARN_NON_LITERAL_NULL_CONVERSION = YES;
				CLANG_WARN_OBJC_IMPLICIT_RETAIN_SELF = YES;
				CLANG_WARN_OBJC_LITERAL_CONVERSION = YES;
				CLANG_WARN_OBJC_ROOT_CLASS = YES_ERROR;
				CLANG_WARN_QUOTED_INCLUDE_IN_FRAMEWORK_HEADER = YES;
				CLANG_WARN_RANGE_LOOP_ANALYSIS = YES;
				CLANG_WARN_STRICT_PROTOTYPES = YES;
				CLANG_WARN_SUSPICIOUS_MOVE = YES;
				CLANG_WARN_UNGUARDED_AVAILABILITY = YES_AGGRESSIVE;
				CLANG_WARN_UNREACHABLE_CODE = YES;
				CLANG_WARN__DUPLICATE_METHOD_MATCH = YES;
				COPY_PHASE_STRIP = NO;
				DEBUG_INFORMATION_FORMAT = dwarf;
				ENABLE_STRICT_OBJC_MSGSEND = YES;
				ENABLE_TESTABILITY = YES;
				ENABLE_USER_SCRIPT_SANDBOXING = YES;
				GCC_C_LANGUAGE_STANDARD = gnu17;
				GCC_DYNAMIC_NO_PIC = NO;
				GCC_NO_COMMON_BLOCKS = YES;
				GCC_OPTIMIZATION_LEVEL = 0;
				GCC_PREPROCESSOR_DEFINITIONS = (
					"DEBUG=1",
					"$(inherited)",
				);
				GCC_WARN_64_TO_32_BIT_CONVERSION = YES;
				GCC_WARN_ABOUT_RETURN_TYPE = YES_ERROR;
				GCC_WARN_UNDECLARED_SELECTOR = YES;
				GCC_WARN_UNINITIALIZED_AUTOS = YES_AGGRESSIVE;
				GCC_WARN_UNUSED_FUNCTION = YES;
				GCC_WARN_UNUSED_VARIABLE = YES;
				IPHONEOS_DEPLOYMENT_TARGET = 18.0;
				LOCALIZATION_PREFERS_STRING_CATALOGS = YES;
				MTL_ENABLE_DEBUG_INFO = INCLUDE_SOURCE;
				MTL_FAST_MATH = YES;
				ONLY_ACTIVE_ARCH = YES;
				SDKROOT = iphoneos;
				SWIFT_ACTIVE_COMPILATION_CONDITIONS = "DEBUG $(inherited)";
				SWIFT_EMIT_LOC_STRINGS = YES;
				SWIFT_OPTIMIZATION_LEVEL = "-Onone";
			};
			name = Debug;
		};
		5C2A53592CAFE4A900AA62BA /* Release */ = {
			isa = XCBuildConfiguration;
			buildSettings = {
				ALWAYS_SEARCH_USER_PATHS = NO;
				ASSETCATALOG_COMPILER_GENERATE_SWIFT_ASSET_SYMBOL_EXTENSIONS = YES;
				CLANG_ANALYZER_NONNULL = YES;
				CLANG_ANALYZER_NUMBER_OBJECT_CONVERSION = YES_AGGRESSIVE;
				CLANG_CXX_LANGUAGE_STANDARD = "gnu++20";
				CLANG_ENABLE_MODULES = YES;
				CLANG_ENABLE_OBJC_ARC = YES;
				CLANG_ENABLE_OBJC_WEAK = YES;
				CLANG_WARN_BLOCK_CAPTURE_AUTORELEASING = YES;
				CLANG_WARN_BOOL_CONVERSION = YES;
				CLANG_WARN_COMMA = YES;
				CLANG_WARN_CONSTANT_CONVERSION = YES;
				CLANG_WARN_DEPRECATED_OBJC_IMPLEMENTATIONS = YES;
				CLANG_WARN_DIRECT_OBJC_ISA_USAGE = YES_ERROR;
				CLANG_WARN_DOCUMENTATION_COMMENTS = YES;
				CLANG_WARN_EMPTY_BODY = YES;
				CLANG_WARN_ENUM_CONVERSION = YES;
				CLANG_WARN_INFINITE_RECURSION = YES;
				CLANG_WARN_INT_CONVERSION = YES;
				CLANG_WARN_NON_LITERAL_NULL_CONVERSION = YES;
				CLANG_WARN_OBJC_IMPLICIT_RETAIN_SELF = YES;
				CLANG_WARN_OBJC_LITERAL_CONVERSION = YES;
				CLANG_WARN_OBJC_ROOT_CLASS = YES_ERROR;
				CLANG_WARN_QUOTED_INCLUDE_IN_FRAMEWORK_HEADER = YES;
				CLANG_WARN_RANGE_LOOP_ANALYSIS = YES;
				CLANG_WARN_STRICT_PROTOTYPES = YES;
				CLANG_WARN_SUSPICIOUS_MOVE = YES;
				CLANG_WARN_UNGUARDED_AVAILABILITY = YES_AGGRESSIVE;
				CLANG_WARN_UNREACHABLE_CODE = YES;
				CLANG_WARN__DUPLICATE_METHOD_MATCH = YES;
				COPY_PHASE_STRIP = NO;
				DEBUG_INFORMATION_FORMAT = "dwarf-with-dsym";
				ENABLE_NS_ASSERTIONS = NO;
				ENABLE_STRICT_OBJC_MSGSEND = YES;
				ENABLE_USER_SCRIPT_SANDBOXING = YES;
				GCC_C_LANGUAGE_STANDARD = gnu17;
				GCC_NO_COMMON_BLOCKS = YES;
				GCC_WARN_64_TO_32_BIT_CONVERSION = YES;
				GCC_WARN_ABOUT_RETURN_TYPE = YES_ERROR;
				GCC_WARN_UNDECLARED_SELECTOR = YES;
				GCC_WARN_UNINITIALIZED_AUTOS = YES_AGGRESSIVE;
				GCC_WARN_UNUSED_FUNCTION = YES;
				GCC_WARN_UNUSED_VARIABLE = YES;
				IPHONEOS_DEPLOYMENT_TARGET = 18.0;
				LOCALIZATION_PREFERS_STRING_CATALOGS = YES;
				MTL_ENABLE_DEBUG_INFO = NO;
				MTL_FAST_MATH = YES;
				SDKROOT = iphoneos;
				SWIFT_COMPILATION_MODE = wholemodule;
				SWIFT_EMIT_LOC_STRINGS = YES;
				VALIDATE_PRODUCT = YES;
			};
			name = Release;
		};
		5C2A535B2CAFE4A900AA62BA /* Debug */ = {
			isa = XCBuildConfiguration;
			buildSettings = {
				ASSETCATALOG_COMPILER_APPICON_NAME = AppIcon;
				ASSETCATALOG_COMPILER_GLOBAL_ACCENT_COLOR_NAME = AccentColor;
				CODE_SIGN_STYLE = Automatic;
				CURRENT_PROJECT_VERSION = 1;
				DEVELOPMENT_ASSET_PATHS = "\"app/Preview Content\"";
				DEVELOPMENT_TEAM = AAPC4WPC5Y;
				ENABLE_PREVIEWS = YES;
				GENERATE_INFOPLIST_FILE = YES;
				INFOPLIST_KEY_CFBundleDisplayName = Stopka;
				INFOPLIST_KEY_UIApplicationSceneManifest_Generation = YES;
				INFOPLIST_KEY_UIApplicationSupportsIndirectInputEvents = YES;
				INFOPLIST_KEY_UILaunchScreen_Generation = YES;
				INFOPLIST_KEY_UISupportedInterfaceOrientations_iPad = "UIInterfaceOrientationPortrait UIInterfaceOrientationPortraitUpsideDown UIInterfaceOrientationLandscapeLeft UIInterfaceOrientationLandscapeRight";
				INFOPLIST_KEY_UISupportedInterfaceOrientations_iPhone = "UIInterfaceOrientationPortrait UIInterfaceOrientationLandscapeLeft UIInterfaceOrientationLandscapeRight";
				IPHONEOS_DEPLOYMENT_TARGET = 18.0;
				LD_RUNPATH_SEARCH_PATHS = (
					"$(inherited)",
					"@executable_path/Frameworks",
				);
				MARKETING_VERSION = 1.0;
				PRODUCT_BUNDLE_IDENTIFIER = com.github.pengwius.app;
				PRODUCT_NAME = "$(TARGET_NAME)";
				SWIFT_EMIT_LOC_STRINGS = YES;
				SWIFT_VERSION = 5.0;
				TARGETED_DEVICE_FAMILY = "1,2";
			};
			name = Debug;
		};
		5C2A535C2CAFE4A900AA62BA /* Release */ = {
			isa = XCBuildConfiguration;
			buildSettings = {
				ASSETCATALOG_COMPILER_APPICON_NAME = AppIcon;
				ASSETCATALOG_COMPILER_GLOBAL_ACCENT_COLOR_NAME = AccentColor;
				CODE_SIGN_STYLE = Automatic;
				CURRENT_PROJECT_VERSION = 1;
				DEVELOPMENT_ASSET_PATHS = "\"app/Preview Content\"";
				DEVELOPMENT_TEAM = AAPC4WPC5Y;
				ENABLE_PREVIEWS = YES;
				GENERATE_INFOPLIST_FILE = YES;
				INFOPLIST_KEY_CFBundleDisplayName = Stopka;
				INFOPLIST_KEY_UIApplicationSceneManifest_Generation = YES;
				INFOPLIST_KEY_UIApplicationSupportsIndirectInputEvents = YES;
				INFOPLIST_KEY_UILaunchScreen_Generation = YES;
				INFOPLIST_KEY_UISupportedInterfaceOrientations_iPad = "UIInterfaceOrientationPortrait UIInterfaceOrientationPortraitUpsideDown UIInterfaceOrientationLandscapeLeft UIInterfaceOrientationLandscapeRight";
				INFOPLIST_KEY_UISupportedInterfaceOrientations_iPhone = "UIInterfaceOrientationPortrait UIInterfaceOrientationLandscapeLeft UIInterfaceOrientationLandscapeRight";
				IPHONEOS_DEPLOYMENT_TARGET = 18.0;
				LD_RUNPATH_SEARCH_PATHS = (
					"$(inherited)",
					"@executable_path/Frameworks",
				);
				MARKETING_VERSION = 1.0;
				PRODUCT_BUNDLE_IDENTIFIER = com.github.pengwius.app;
				PRODUCT_NAME = "$(TARGET_NAME)";
				SWIFT_EMIT_LOC_STRINGS = YES;
				SWIFT_VERSION = 5.0;
				TARGETED_DEVICE_FAMILY = "1,2";
			};
			name = Release;
		};
		5C2A535E2CAFE4A900AA62BA /* Debug */ = {
			isa = XCBuildConfiguration;
			buildSettings = {
				BUNDLE_LOADER = "$(TEST_HOST)";
				CODE_SIGN_STYLE = Automatic;
				CURRENT_PROJECT_VERSION = 1;
				DEVELOPMENT_TEAM = AAPC4WPC5Y;
				GENERATE_INFOPLIST_FILE = YES;
				IPHONEOS_DEPLOYMENT_TARGET = 18.0;
				MARKETING_VERSION = 1.0;
				PRODUCT_BUNDLE_IDENTIFIER = com.github.pengwius.appTests;
				PRODUCT_NAME = "$(TARGET_NAME)";
				SWIFT_EMIT_LOC_STRINGS = NO;
				SWIFT_VERSION = 5.0;
				TARGETED_DEVICE_FAMILY = "1,2";
				TEST_HOST = "$(BUILT_PRODUCTS_DIR)/app.app/$(BUNDLE_EXECUTABLE_FOLDER_PATH)/app";
			};
			name = Debug;
		};
		5C2A535F2CAFE4A900AA62BA /* Release */ = {
			isa = XCBuildConfiguration;
			buildSettings = {
				BUNDLE_LOADER = "$(TEST_HOST)";
				CODE_SIGN_STYLE = Automatic;
				CURRENT_PROJECT_VERSION = 1;
				DEVELOPMENT_TEAM = AAPC4WPC5Y;
				GENERATE_INFOPLIST_FILE = YES;
				IPHONEOS_DEPLOYMENT_TARGET = 18.0;
				MARKETING_VERSION = 1.0;
				PRODUCT_BUNDLE_IDENTIFIER = com.github.pengwius.appTests;
				PRODUCT_NAME = "$(TARGET_NAME)";
				SWIFT_EMIT_LOC_STRINGS = NO;
				SWIFT_VERSION = 5.0;
				TARGETED_DEVICE_FAMILY = "1,2";
				TEST_HOST = "$(BUILT_PRODUCTS_DIR)/app.app/$(BUNDLE_EXECUTABLE_FOLDER_PATH)/app";
			};
			name = Release;
		};
		5C2A53612CAFE4A900AA62BA /* Debug */ = {
			isa = XCBuildConfiguration;
			buildSettings = {
				CODE_SIGN_STYLE = Automatic;
				CURRENT_PROJECT_VERSION = 1;
				DEVELOPMENT_TEAM = AAPC4WPC5Y;
				GENERATE_INFOPLIST_FILE = YES;
				MARKETING_VERSION = 1.0;
				PRODUCT_BUNDLE_IDENTIFIER = com.github.pengwius.appUITests;
				PRODUCT_NAME = "$(TARGET_NAME)";
				SWIFT_EMIT_LOC_STRINGS = NO;
				SWIFT_VERSION = 5.0;
				TARGETED_DEVICE_FAMILY = "1,2";
				TEST_TARGET_NAME = app;
			};
			name = Debug;
		};
		5C2A53622CAFE4A900AA62BA /* Release */ = {
			isa = XCBuildConfiguration;
			buildSettings = {
				CODE_SIGN_STYLE = Automatic;
				CURRENT_PROJECT_VERSION = 1;
				DEVELOPMENT_TEAM = AAPC4WPC5Y;
				GENERATE_INFOPLIST_FILE = YES;
				MARKETING_VERSION = 1.0;
				PRODUCT_BUNDLE_IDENTIFIER = com.github.pengwius.appUITests;
				PRODUCT_NAME = "$(TARGET_NAME)";
				SWIFT_EMIT_LOC_STRINGS = NO;
				SWIFT_VERSION = 5.0;
				TARGETED_DEVICE_FAMILY = "1,2";
				TEST_TARGET_NAME = app;
			};
			name = Release;
		};
/* End XCBuildConfiguration section */

/* Begin XCConfigurationList section */
		5C2A53312CAFE4A700AA62BA /* Build configuration list for PBXProject "app" */ = {
			isa = XCConfigurationList;
			buildConfigurations = (
				5C2A53582CAFE4A900AA62BA /* Debug */,
				5C2A53592CAFE4A900AA62BA /* Release */,
			);
			defaultConfigurationIsVisible = 0;
			defaultConfigurationName = Release;
		};
		5C2A535A2CAFE4A900AA62BA /* Build configuration list for PBXNativeTarget "app" */ = {
			isa = XCConfigurationList;
			buildConfigurations = (
				5C2A535B2CAFE4A900AA62BA /* Debug */,
				5C2A535C2CAFE4A900AA62BA /* Release */,
			);
			defaultConfigurationIsVisible = 0;
			defaultConfigurationName = Release;
		};
		5C2A535D2CAFE4A900AA62BA /* Build configuration list for PBXNativeTarget "appTests" */ = {
			isa = XCConfigurationList;
			buildConfigurations = (
				5C2A535E2CAFE4A900AA62BA /* Debug */,
				5C2A535F2CAFE4A900AA62BA /* Release */,
			);
			defaultConfigurationIsVisible = 0;
			defaultConfigurationName = Release;
		};
		5C2A53602CAFE4A900AA62BA /* Build configuration list for PBXNativeTarget "appUITests" */ = {
			isa = XCConfigurationList;
			buildConfigurations = (
				5C2A53612CAFE4A900AA62BA /* Debug */,
				5C2A53622CAFE4A900AA62BA /* Release */,
			);
			defaultConfigurationIsVisible = 0;
			defaultConfigurationName = Release;
		};
/* End XCConfigurationList section */

/* Begin XCRemoteSwiftPackageReference section */
		5C25EFCE2CB826F900A99D32 /* XCRemoteSwiftPackageReference "stripe-ios" */ = {
			isa = XCRemoteSwiftPackageReference;
			repositoryURL = "https://github.com/stripe/stripe-ios";
			requirement = {
				kind = upToNextMajorVersion;
				minimumVersion = 23.31.1;
			};
		};
		5CBE75412CB5716800516616 /* XCRemoteSwiftPackageReference "clerk-ios" */ = {
			isa = XCRemoteSwiftPackageReference;
			repositoryURL = "https://github.com/clerk/clerk-ios";
			requirement = {
				kind = upToNextMajorVersion;
				minimumVersion = 0.39.3;
			};
		};
/* End XCRemoteSwiftPackageReference section */

/* Begin XCSwiftPackageProductDependency section */
		5C25EFCF2CB826F900A99D32 /* Stripe */ = {
			isa = XCSwiftPackageProductDependency;
			package = 5C25EFCE2CB826F900A99D32 /* XCRemoteSwiftPackageReference "stripe-ios" */;
			productName = Stripe;
		};
		5C25EFD12CB826F900A99D32 /* StripeApplePay */ = {
			isa = XCSwiftPackageProductDependency;
			package = 5C25EFCE2CB826F900A99D32 /* XCRemoteSwiftPackageReference "stripe-ios" */;
			productName = StripeApplePay;
		};
		5C25EFD32CB826F900A99D32 /* StripeCardScan */ = {
			isa = XCSwiftPackageProductDependency;
			package = 5C25EFCE2CB826F900A99D32 /* XCRemoteSwiftPackageReference "stripe-ios" */;
			productName = StripeCardScan;
		};
		5C25EFD52CB826F900A99D32 /* StripeFinancialConnections */ = {
			isa = XCSwiftPackageProductDependency;
			package = 5C25EFCE2CB826F900A99D32 /* XCRemoteSwiftPackageReference "stripe-ios" */;
			productName = StripeFinancialConnections;
		};
		5C25EFD72CB826F900A99D32 /* StripeIdentity */ = {
			isa = XCSwiftPackageProductDependency;
			package = 5C25EFCE2CB826F900A99D32 /* XCRemoteSwiftPackageReference "stripe-ios" */;
			productName = StripeIdentity;
		};
		5C25EFD92CB826F900A99D32 /* StripePaymentSheet */ = {
			isa = XCSwiftPackageProductDependency;
			package = 5C25EFCE2CB826F900A99D32 /* XCRemoteSwiftPackageReference "stripe-ios" */;
			productName = StripePaymentSheet;
		};
		5C25EFDB2CB826F900A99D32 /* StripePayments */ = {
			isa = XCSwiftPackageProductDependency;
			package = 5C25EFCE2CB826F900A99D32 /* XCRemoteSwiftPackageReference "stripe-ios" */;
			productName = StripePayments;
		};
		5C25EFDD2CB826F900A99D32 /* StripePaymentsUI */ = {
			isa = XCSwiftPackageProductDependency;
			package = 5C25EFCE2CB826F900A99D32 /* XCRemoteSwiftPackageReference "stripe-ios" */;
			productName = StripePaymentsUI;
		};
		5CBE75422CB5716800516616 /* ClerkSDK */ = {
			isa = XCSwiftPackageProductDependency;
			package = 5CBE75412CB5716800516616 /* XCRemoteSwiftPackageReference "clerk-ios" */;
			productName = ClerkSDK;
		};
/* End XCSwiftPackageProductDependency section */
	};
	rootObject = 5C2A532E2CAFE4A700AA62BA /* Project object */;
}
